
Microsoft Visual Studio Solution File, Format Version 12.00
# Visual Studio Version 17
VisualStudioVersion = 17.9.34607.119
MinimumVisualStudioVersion = 10.0.40219.1
Project("{FAE04EC0-301F-11D3-BF4B-00C04F79EFBC}") = "SwiftDeploy", "SwiftDeploy\SwiftDeploy.csproj", "{BE35CAF4-0789-40D8-8A64-DAAFD3B4B82F}"
EndProject
Global
	GlobalSection(SolutionConfigurationPlatforms) = preSolution
		Debug|Any CPU = Debug|Any CPU
		Release|Any CPU = Release|Any CPU
	EndGlobalSection
	GlobalSection(ProjectConfigurationPlatforms) = postSolution
		{BE35CAF4-0789-40D8-8A64-DAAFD3B4B82F}.Debug|Any CPU.ActiveCfg = Debug|Any CPU
		{BE35CAF4-0789-40D8-8A64-DAAFD3B4B82F}.Debug|Any CPU.Build.0 = Debug|Any CPU
		{BE35CAF4-0789-40D8-8A64-DAAFD3B4B82F}.Release|Any CPU.ActiveCfg = Release|Any CPU
		{BE35CAF4-0789-40D8-8A64-DAAFD3B4B82F}.Release|Any CPU.Build.0 = Release|Any CPU
	EndGlobalSection
	GlobalSection(SolutionProperties) = preSolution
		HideSolutionNode = FALSE
	EndGlobalSection
	GlobalSection(ExtensibilityGlobals) = postSolution
		SolutionGuid = {B7C1424B-1A50-40E1-A347-871BA7008297}
	EndGlobalSection
EndGlobal
